PODS:
  - Masonry (1.1.0)
  - MBProgressHUD (1.2.0)
  - ReactiveObjC (3.1.1)
  - SXKit (0.1.0):
    - SXKit/SXKit (= 0.1.0)
  - SXKit/SXCommonKit (0.1.0):
    - Masonry (~> 1.1.0)
    - ReactiveObjC (~> 3.1.1)
  - SXKit/SXHUD (0.1.0):
    - MBProgressHUD (~> 1.2.0)
    - SXKit/SXCommonKit
  - SXKit/SXKit (0.1.0):
    - SXKit/SXCommonKit
    - SXKit/SXHUD
    - SXKit/SXPhotoLibrary
    - SXKit/SXUIKit
  - SXKit/SXPhotoLibrary (0.1.0):
    - SXKit/SXCommonKit
  - SXKit/SXPlayer (0.1.0):
    - SXKit/SXCommonKit
    - SXKit/SXUIKit
    - TXLiteAVSDK_Player (= 7.4.9203)
  - SXKit/SXUIKit (0.1.0):
    - SXKit/SXCommonKit
  - TXLiteAVSDK_Player (7.4.9203)

DEPENDENCIES:
  - SXKit (from `../`)
  - SXKit/SXPlayer (from `../`)

SPEC REPOS:
  trunk:
    - Masonry
    - MBProgressHUD
    - ReactiveObjC
    - TXLiteAVSDK_Player

EXTERNAL SOURCES:
  SXKit:
    :path: "../"

SPEC CHECKSUMS:
  Masonry: 678fab65091a9290e40e2832a55e7ab731aad201
  MBProgressHUD: 3ee5efcc380f6a79a7cc9b363dd669c5e1ae7406
  ReactiveObjC: 011caa393aa0383245f2dcf9bf02e86b80b36040
  SXKit: 0b6f957ea89b9752c71657c6f0788e2e89a29139
  TXLiteAVSDK_Player: 8452cc0a8fefcba329dea6bd3f8119c76538eee4

PODFILE CHECKSUM: d8d20dc285f4b252a7cd01d11e6215784853cd1f

COCOAPODS: 1.8.4
