PODS:
  - Masonry (1.1.0)
  - MBProgressHUD (1.2.0)
  - ReactiveObjC (3.1.1)
  - SDWebImage (5.8.3):
    - SDWebImage/Core (= 5.8.3)
  - SDWebImage/Core (5.8.3)
  - SXBaseKit (0.1.1):
    - SXBaseKit/SXBaseKit (= 0.1.1)
  - SXBaseKit/SXBaseKit (0.1.1):
    - SXBaseKit/SXCommonKit
    - SXBaseKit/SXHUD
    - SXBaseKit/SXUIKit
  - SXBaseKit/SXCommonKit (0.1.1):
    - Masonry (~> 1.1.0)
    - ReactiveObjC (~> 3.1.1)
  - SXBaseKit/SXHUD (0.1.1):
    - MBProgressHUD (~> 1.2.0)
    - SXBaseKit/SXCommonKit
  - SXBaseKit/SXPhotoLibrary (0.1.1):
    - SXBaseKit/SXCommonKit
    - SXBaseKit/SXHUD
  - SXBaseKit/SXScrollViewStack (0.1.1):
    - ReactiveObjC (~> 3.1.1)
  - SXBaseKit/SXUIKit (0.1.1):
    - SXBaseKit/SXCommonKit
  - SXBaseKit/SXVideoTrimmerView (0.1.1):
    - SXBaseKit/SXCommonKit

DEPENDENCIES:
  - SDWebImage
  - SXBaseKit (from `../`)
  - SXBaseKit/SXPhotoLibrary (from `../`)
  - SXBaseKit/SXScrollViewStack (from `../`)
  - SXBaseKit/SXVideoTrimmerView (from `../`)

SPEC REPOS:
  trunk:
    - Masonry
    - MBProgressHUD
    - ReactiveObjC
    - SDWebImage

EXTERNAL SOURCES:
  SXBaseKit:
    :path: "../"

SPEC CHECKSUMS:
  Masonry: 678fab65091a9290e40e2832a55e7ab731aad201
  MBProgressHUD: 3ee5efcc380f6a79a7cc9b363dd669c5e1ae7406
  ReactiveObjC: 011caa393aa0383245f2dcf9bf02e86b80b36040
  SDWebImage: 112503ec94a5a2a41869503844a15e8d8f1ead5c
  SXBaseKit: 5a3a50cbd486d07a9a1c893da732497114b68692

PODFILE CHECKSUM: 1a13e139656f62c2b869ebe670ab438d1c5c8a19

COCOAPODS: 1.8.4
