PODS:
  - Masonry (1.1.0)
  - MBProgressHUD (1.2.0)
  - ReactiveObjC (3.1.1)
  - SDWebImage (5.8.3):
    - SDWebImage/Core (= 5.8.3)
  - SDWebImage/Core (5.8.3)
  - SXKit (0.1.0):
    - SXKit/SXKit (= 0.1.0)
  - SXKit/SXCommonKit (0.1.0):
    - Masonry (~> 1.1.0)
    - ReactiveObjC (~> 3.1.1)
  - SXKit/SXHUD (0.1.0):
    - MBProgressHUD (~> 1.2.0)
    - SXKit/SXCommonKit
  - SXKit/SXKit (0.1.0):
    - SXKit/SXCommonKit
    - SXKit/SXHUD
    - SXKit/SXUIKit
  - SXKit/SXPhotoLibrary (0.1.0):
    - SXKit/SXCommonKit
    - SXKit/SXHUD
  - SXKit/SXPlayer (0.1.0):
    - SXKit/SXCommonKit
    - SXKit/SXUIKit
    - TXLiteAVSDK_Player (= 7.4.9203)
  - SXKit/SXUIKit (0.1.0):
    - SXKit/SXCommonKit
  - SXKit/SXVideoTrimmerView (0.1.0)
  - TXLiteAVSDK_Player (7.4.9203)

DEPENDENCIES:
  - SDWebImage
  - SXKit (from `../`)
  - SXKit/SXPhotoLibrary (from `../`)
  - SXKit/SXPlayer (from `../`)
  - SXKit/SXVideoTrimmerView (from `../`)

SPEC REPOS:
  trunk:
    - Masonry
    - MBProgressHUD
    - ReactiveObjC
    - SDWebImage
    - TXLiteAVSDK_Player

EXTERNAL SOURCES:
  SXKit:
    :path: "../"

SPEC CHECKSUMS:
  Masonry: 678fab65091a9290e40e2832a55e7ab731aad201
  MBProgressHUD: 3ee5efcc380f6a79a7cc9b363dd669c5e1ae7406
  ReactiveObjC: 011caa393aa0383245f2dcf9bf02e86b80b36040
  SDWebImage: 112503ec94a5a2a41869503844a15e8d8f1ead5c
  SXKit: 2714b07abd38fe9eacfd30eb9cc2895293408f6f
  TXLiteAVSDK_Player: 8452cc0a8fefcba329dea6bd3f8119c76538eee4

PODFILE CHECKSUM: 34051a1d093738902bea8527abd4d0c3a684683e

COCOAPODS: 1.8.4
